
Microsoft Visual Studio Solution File, Format Version 12.00
# Visual Studio Version 17
VisualStudioVersion = 17.9.34723.18
MinimumVisualStudioVersion = 10.0.40219.1
Project("{9A19103F-16F7-4668-BE54-9A1E7A4F7556}") = "DemoOOP04", "DemoOOP04\DemoOOP04.csproj", "{56E0EEF3-4055-4255-A42B-C32EA8BBF9E9}"
EndProject
Project("{FAE04EC0-301F-11D3-BF4B-00C04F79EFBC}") = "AssighmentOOP04", "AssighmentOOP04\AssighmentOOP04.csproj", "{998D0DA3-7861-4420-9CB1-2D1BBBE34804}"
EndProject
Global
	GlobalSection(SolutionConfigurationPlatforms) = preSolution
		Debug|Any CPU = Debug|Any CPU
		Release|Any CPU = Release|Any CPU
	EndGlobalSection
	GlobalSection(ProjectConfigurationPlatforms) = postSolution
		{56E0EEF3-4055-4255-A42B-C32EA8BBF9E9}.Debug|Any CPU.ActiveCfg = Debug|Any CPU
		{56E0EEF3-4055-4255-A42B-C32EA8BBF9E9}.Debug|Any CPU.Build.0 = Debug|Any CPU
		{56E0EEF3-4055-4255-A42B-C32EA8BBF9E9}.Release|Any CPU.ActiveCfg = Release|Any CPU
		{56E0EEF3-4055-4255-A42B-C32EA8BBF9E9}.Release|Any CPU.Build.0 = Release|Any CPU
		{998D0DA3-7861-4420-9CB1-2D1BBBE34804}.Debug|Any CPU.ActiveCfg = Debug|Any CPU
		{998D0DA3-7861-4420-9CB1-2D1BBBE34804}.Debug|Any CPU.Build.0 = Debug|Any CPU
		{998D0DA3-7861-4420-9CB1-2D1BBBE34804}.Release|Any CPU.ActiveCfg = Release|Any CPU
		{998D0DA3-7861-4420-9CB1-2D1BBBE34804}.Release|Any CPU.Build.0 = Release|Any CPU
	EndGlobalSection
	GlobalSection(SolutionProperties) = preSolution
		HideSolutionNode = FALSE
	EndGlobalSection
	GlobalSection(ExtensibilityGlobals) = postSolution
		SolutionGuid = {5E5CB545-C3BD-4F6C-890A-BE20AF64DF90}
	EndGlobalSection
EndGlobal
